
Microsoft Visual Studio Solution File, Format Version 12.00
# Visual Studio Version 16
VisualStudioVersion = 16.0.31613.86
MinimumVisualStudioVersion = 10.0.40219.1
Project("{FAE04EC0-301F-11D3-BF4B-00C04F79EFBC}") = "Concesionario.GUI", "Concesionario.GUI\Concesionario.GUI.csproj", "{F1534937-78EF-4EB6-90B3-FFD456959F2A}"
EndProject
Project("{FAE04EC0-301F-11D3-BF4B-00C04F79EFBC}") = "Concesionario.GUI.Tests", "Concesionario.GUI.Tests\Concesionario.GUI.Tests.csproj", "{0A022CAE-7E0D-46CE-8835-556F6EE374C4}"
EndProject
Global
	GlobalSection(SolutionConfigurationPlatforms) = preSolution
		Debug|Any CPU = Debug|Any CPU
		Release|Any CPU = Release|Any CPU
	EndGlobalSection
	GlobalSection(ProjectConfigurationPlatforms) = postSolution
		{F1534937-78EF-4EB6-90B3-FFD456959F2A}.Debug|Any CPU.ActiveCfg = Debug|Any CPU
		{F1534937-78EF-4EB6-90B3-FFD456959F2A}.Debug|Any CPU.Build.0 = Debug|Any CPU
		{F1534937-78EF-4EB6-90B3-FFD456959F2A}.Release|Any CPU.ActiveCfg = Release|Any CPU
		{F1534937-78EF-4EB6-90B3-FFD456959F2A}.Release|Any CPU.Build.0 = Release|Any CPU
		{0A022CAE-7E0D-46CE-8835-556F6EE374C4}.Debug|Any CPU.ActiveCfg = Debug|Any CPU
		{0A022CAE-7E0D-46CE-8835-556F6EE374C4}.Debug|Any CPU.Build.0 = Debug|Any CPU
		{0A022CAE-7E0D-46CE-8835-556F6EE374C4}.Release|Any CPU.ActiveCfg = Release|Any CPU
		{0A022CAE-7E0D-46CE-8835-556F6EE374C4}.Release|Any CPU.Build.0 = Release|Any CPU
	EndGlobalSection
	GlobalSection(SolutionProperties) = preSolution
		HideSolutionNode = FALSE
	EndGlobalSection
	GlobalSection(ExtensibilityGlobals) = postSolution
		SolutionGuid = {5E03EA1E-A31C-442D-837C-E54FA35AC56F}
	EndGlobalSection
EndGlobal
